%{
  "ranch": {:hex, :ranch, "1.4.0", "10272f95da79340fa7e8774ba7930b901713d272905d0012b06ca6d994f8826b", [:rebar3], [], "hexpm"},
  "smppex": {:hex, :smppex, "2.2.4", "58d9ceb856a703aa25d27daf208eab64b72228ceba80a495bb96e0ad45c6f631", [:mix], [{:ranch, "~> 1.3", [hex: :ranch, repo: "hexpm", optional: false]}], "hexpm"},
}
